
Microsoft Visual Studio Solution File, Format Version 9.00
# Visual Studio 2005
Project("{E24C65DC-7377-472B-9ABA-BC803B73C61A}") = "G:\...\WorkForce2.0\", "G:\Monika\WorkForce2.0\WorkForce2.0\", "{A8053003-51A5-4669-A6F5-7C6913496B2B}"
	ProjectSection(WebsiteProperties) = preProject
		Debug.AspNetCompiler.VirtualPath = "/WorkForce2.0"
		Debug.AspNetCompiler.PhysicalPath = "G:\Monika\WorkForce2.0\WorkForce2.0\"
		Debug.AspNetCompiler.TargetPath = "PrecompiledWeb\WorkForce2.0\"
		Debug.AspNetCompiler.Updateable = "true"
		Debug.AspNetCompiler.ForceOverwrite = "true"
		Debug.AspNetCompiler.FixedNames = "false"
		Debug.AspNetCompiler.Debug = "True"
		Release.AspNetCompiler.VirtualPath = "/WorkForce2.0"
		Release.AspNetCompiler.PhysicalPath = "G:\Monika\WorkForce2.0\WorkForce2.0\"
		Release.AspNetCompiler.TargetPath = "PrecompiledWeb\WorkForce2.0\"
		Release.AspNetCompiler.Updateable = "true"
		Release.AspNetCompiler.ForceOverwrite = "true"
		Release.AspNetCompiler.FixedNames = "false"
		Release.AspNetCompiler.Debug = "False"
		VWDPort = "2266"
	EndProjectSection
EndProject
Global
	GlobalSection(SolutionConfigurationPlatforms) = preSolution
		Debug|.NET = Debug|.NET
	EndGlobalSection
	GlobalSection(ProjectConfigurationPlatforms) = postSolution
		{A8053003-51A5-4669-A6F5-7C6913496B2B}.Debug|.NET.ActiveCfg = Debug|.NET
		{A8053003-51A5-4669-A6F5-7C6913496B2B}.Debug|.NET.Build.0 = Debug|.NET
	EndGlobalSection
	GlobalSection(SolutionProperties) = preSolution
		HideSolutionNode = FALSE
	EndGlobalSection
EndGlobal
